
Microsoft Visual Studio Solution File, Format Version 12.00
# Visual Studio Version 16
VisualStudioVersion = 16.0.31729.503
MinimumVisualStudioVersion = 10.0.40219.1
Project("{FAE04EC0-301F-11D3-BF4B-00C04F79EFBC}") = "QMSystem", "QMSystem.csproj", "{92574A1F-9E27-41D2-B8E1-C8440EC86000}"
EndProject
Global
	GlobalSection(SolutionConfigurationPlatforms) = preSolution
		Debug|Any CPU = Debug|Any CPU
		Release|Any CPU = Release|Any CPU
	EndGlobalSection
	GlobalSection(ProjectConfigurationPlatforms) = postSolution
		{92574A1F-9E27-41D2-B8E1-C8440EC86000}.Debug|Any CPU.ActiveCfg = Debug|Any CPU
		{92574A1F-9E27-41D2-B8E1-C8440EC86000}.Debug|Any CPU.Build.0 = Debug|Any CPU
		{92574A1F-9E27-41D2-B8E1-C8440EC86000}.Release|Any CPU.ActiveCfg = Release|Any CPU
		{92574A1F-9E27-41D2-B8E1-C8440EC86000}.Release|Any CPU.Build.0 = Release|Any CPU
	EndGlobalSection
	GlobalSection(SolutionProperties) = preSolution
		HideSolutionNode = FALSE
	EndGlobalSection
	GlobalSection(ExtensibilityGlobals) = postSolution
		SolutionGuid = {7295F19C-0A21-48AD-8C84-D4F0171FB8BC}
	EndGlobalSection
EndGlobal
